{
  "name": "functions",
  "requires": true,
  "lockfileVersion": 1,
  "dependencies": {
    "cookie": {
      "version": "0.3.1",
      "resolved": "https://registry.npmjs.org/cookie/-/cookie-0.3.1.tgz",
      "integrity": "sha1-5+Ch+e9DtMi6klxcWpboBtFoc7s="
    },
    "node-webtokens": {
      "version": "1.0.0",
      "resolved": "https://registry.npmjs.org/node-webtokens/-/node-webtokens-1.0.0.tgz",
      "integrity": "sha512-gxnupMQ4UKs2mU5FYg95XAiKxtAwDWDDJAF6BkyvvpHfb1E8MLIfqyGhEWs2ytzH4vogoou7LZ2hd0d+NWk88A=="
    }
  }
}
